// !$*UTF8*$!
{
	archiveVersion = 1;
	classes = {
	};
	objectVersion = 55;
	objects = {

/* Begin PBXBuildFile section */
		0D1D3E1D79C4DBF71EBD4F86 /* Pods_HCSecurityKeyboardExcemple.framework in Frameworks */ = {isa = PBXBuildFile; fileRef = B8FCAB9BB2A57C6DDF6E1BEC /* Pods_HCSecurityKeyboardExcemple.framework */; };
		D518365C282A511C00C00935 /* AppDelegate.swift in Sources */ = {isa = PBXBuildFile; fileRef = D518365B282A511C00C00935 /* AppDelegate.swift */; };
		D518365E282A511C00C00935 /* SceneDelegate.swift in Sources */ = {isa = PBXBuildFile; fileRef = D518365D282A511C00C00935 /* SceneDelegate.swift */; };
		D5183660282A511C00C00935 /* ViewController.swift in Sources */ = {isa = PBXBuildFile; fileRef = D518365F282A511C00C00935 /* ViewController.swift */; };
		D5183663282A511C00C00935 /* Main.storyboard in Resources */ = {isa = PBXBuildFile; fileRef = D5183661282A511C00C00935 /* Main.storyboard */; };
		D5183668282A511F00C00935 /* LaunchScreen.storyboard in Resources */ = {isa = PBXBuildFile; fileRef = D5183666282A511F00C00935 /* LaunchScreen.storyboard */; };
		D5183673282A512000C00935 /* HCSecurityKeyboardExcempleTests.swift in Sources */ = {isa = PBXBuildFile; fileRef = D5183672282A512000C00935 /* HCSecurityKeyboardExcempleTests.swift */; };
		D518367D282A512000C00935 /* HCSecurityKeyboardExcempleUITests.swift in Sources */ = {isa = PBXBuildFile; fileRef = D518367C282A512000C00935 /* HCSecurityKeyboardExcempleUITests.swift */; };
		D518367F282A512000C00935 /* HCSecurityKeyboardExcempleUITestsLaunchTests.swift in Sources */ = {isa = PBXBuildFile; fileRef = D518367E282A512000C00935 /* HCSecurityKeyboardExcempleUITestsLaunchTests.swift */; };
		D51836D9282B986600C00935 /* HCSecurityKeyboard.xcassets in Resources */ = {isa = PBXBuildFile; fileRef = D51836D8282B986600C00935 /* HCSecurityKeyboard.xcassets */; };
		D562DD062851E41D007D51DE /* SRTDefines.swift in Sources */ = {isa = PBXBuildFile; fileRef = D562DD022851E41D007D51DE /* SRTDefines.swift */; };
		D562DD072851E41D007D51DE /* SRTAppendTextField.swift in Sources */ = {isa = PBXBuildFile; fileRef = D562DD032851E41D007D51DE /* SRTAppendTextField.swift */; };
		D562DD082851E41D007D51DE /* SRTKeyboardButton.swift in Sources */ = {isa = PBXBuildFile; fileRef = D562DD042851E41D007D51DE /* SRTKeyboardButton.swift */; };
		D562DD092851E41D007D51DE /* SRTKeyboardView.swift in Sources */ = {isa = PBXBuildFile; fileRef = D562DD052851E41D007D51DE /* SRTKeyboardView.swift */; };
/* End PBXBuildFile section */

/* Begin PBXContainerItemProxy section */
		D518366F282A512000C00935 /* PBXContainerItemProxy */ = {
			isa = PBXContainerItemProxy;
			containerPortal = D5183650282A511C00C00935 /* Project object */;
			proxyType = 1;
			remoteGlobalIDString = D5183657282A511C00C00935;
			remoteInfo = HCSecurityKeyboardExcemple;
		};
		D5183679282A512000C00935 /* PBXContainerItemProxy */ = {
			isa = PBXContainerItemProxy;
			containerPortal = D5183650282A511C00C00935 /* Project object */;
			proxyType = 1;
			remoteGlobalIDString = D5183657282A511C00C00935;
			remoteInfo = HCSecurityKeyboardExcemple;
		};
/* End PBXContainerItemProxy section */

/* Begin PBXFileReference section */
		74E3E5E4892B5165A520C57D /* Pods-HCSecurityKeyboardExcemple.debug.xcconfig */ = {isa = PBXFileReference; includeInIndex = 1; lastKnownFileType = text.xcconfig; name = "Pods-HCSecurityKeyboardExcemple.debug.xcconfig"; path = "Target Support Files/Pods-HCSecurityKeyboardExcemple/Pods-HCSecurityKeyboardExcemple.debug.xcconfig"; sourceTree = "<group>"; };
		B8FCAB9BB2A57C6DDF6E1BEC /* Pods_HCSecurityKeyboardExcemple.framework */ = {isa = PBXFileReference; explicitFileType = wrapper.framework; includeInIndex = 0; path = Pods_HCSecurityKeyboardExcemple.framework; sourceTree = BUILT_PRODUCTS_DIR; };
		D5183658282A511C00C00935 /* HCSecurityKeyboardExcemple.app */ = {isa = PBXFileReference; explicitFileType = wrapper.application; includeInIndex = 0; path = HCSecurityKeyboardExcemple.app; sourceTree = BUILT_PRODUCTS_DIR; };
		D518365B282A511C00C00935 /* AppDelegate.swift */ = {isa = PBXFileReference; lastKnownFileType = sourcecode.swift; path = AppDelegate.swift; sourceTree = "<group>"; };
		D518365D282A511C00C00935 /* SceneDelegate.swift */ = {isa = PBXFileReference; lastKnownFileType = sourcecode.swift; path = SceneDelegate.swift; sourceTree = "<group>"; };
		D518365F282A511C00C00935 /* ViewController.swift */ = {isa = PBXFileReference; lastKnownFileType = sourcecode.swift; path = ViewController.swift; sourceTree = "<group>"; };
		D5183662282A511C00C00935 /* Base */ = {isa = PBXFileReference; lastKnownFileType = file.storyboard; name = Base; path = Base.lproj/Main.storyboard; sourceTree = "<group>"; };
		D5183667282A511F00C00935 /* Base */ = {isa = PBXFileReference; lastKnownFileType = file.storyboard; name = Base; path = Base.lproj/LaunchScreen.storyboard; sourceTree = "<group>"; };
		D5183669282A511F00C00935 /* Info.plist */ = {isa = PBXFileReference; lastKnownFileType = text.plist.xml; path = Info.plist; sourceTree = "<group>"; };
		D518366E282A512000C00935 /* HCSecurityKeyboardExcempleTests.xctest */ = {isa = PBXFileReference; explicitFileType = wrapper.cfbundle; includeInIndex = 0; path = HCSecurityKeyboardExcempleTests.xctest; sourceTree = BUILT_PRODUCTS_DIR; };
		D5183672282A512000C00935 /* HCSecurityKeyboardExcempleTests.swift */ = {isa = PBXFileReference; lastKnownFileType = sourcecode.swift; path = HCSecurityKeyboardExcempleTests.swift; sourceTree = "<group>"; };
		D5183678282A512000C00935 /* HCSecurityKeyboardExcempleUITests.xctest */ = {isa = PBXFileReference; explicitFileType = wrapper.cfbundle; includeInIndex = 0; path = HCSecurityKeyboardExcempleUITests.xctest; sourceTree = BUILT_PRODUCTS_DIR; };
		D518367C282A512000C00935 /* HCSecurityKeyboardExcempleUITests.swift */ = {isa = PBXFileReference; lastKnownFileType = sourcecode.swift; path = HCSecurityKeyboardExcempleUITests.swift; sourceTree = "<group>"; };
		D518367E282A512000C00935 /* HCSecurityKeyboardExcempleUITestsLaunchTests.swift */ = {isa = PBXFileReference; lastKnownFileType = sourcecode.swift; path = HCSecurityKeyboardExcempleUITestsLaunchTests.swift; sourceTree = "<group>"; };
		D51836D8282B986600C00935 /* HCSecurityKeyboard.xcassets */ = {isa = PBXFileReference; lastKnownFileType = folder.assetcatalog; path = HCSecurityKeyboard.xcassets; sourceTree = SOURCE_ROOT; };
		D562DD022851E41D007D51DE /* SRTDefines.swift */ = {isa = PBXFileReference; fileEncoding = 4; lastKnownFileType = sourcecode.swift; path = SRTDefines.swift; sourceTree = "<group>"; };
		D562DD032851E41D007D51DE /* SRTAppendTextField.swift */ = {isa = PBXFileReference; fileEncoding = 4; lastKnownFileType = sourcecode.swift; path = SRTAppendTextField.swift; sourceTree = "<group>"; };
		D562DD042851E41D007D51DE /* SRTKeyboardButton.swift */ = {isa = PBXFileReference; fileEncoding = 4; lastKnownFileType = sourcecode.swift; path = SRTKeyboardButton.swift; sourceTree = "<group>"; };
		D562DD052851E41D007D51DE /* SRTKeyboardView.swift */ = {isa = PBXFileReference; fileEncoding = 4; lastKnownFileType = sourcecode.swift; path = SRTKeyboardView.swift; sourceTree = "<group>"; };
		FD2CAD668CE809AE80DB87A2 /* Pods-HCSecurityKeyboardExcemple.release.xcconfig */ = {isa = PBXFileReference; includeInIndex = 1; lastKnownFileType = text.xcconfig; name = "Pods-HCSecurityKeyboardExcemple.release.xcconfig"; path = "Target Support Files/Pods-HCSecurityKeyboardExcemple/Pods-HCSecurityKeyboardExcemple.release.xcconfig"; sourceTree = "<group>"; };
/* End PBXFileReference section */

/* Begin PBXFrameworksBuildPhase section */
		D5183655282A511C00C00935 /* Frameworks */ = {
			isa = PBXFrameworksBuildPhase;
			buildActionMask = 2147483647;
			files = (
				0D1D3E1D79C4DBF71EBD4F86 /* Pods_HCSecurityKeyboardExcemple.framework in Frameworks */,
			);
			runOnlyForDeploymentPostprocessing = 0;
		};
		D518366B282A512000C00935 /* Frameworks */ = {
			isa = PBXFrameworksBuildPhase;
			buildActionMask = 2147483647;
			files = (
			);
			runOnlyForDeploymentPostprocessing = 0;
		};
		D5183675282A512000C00935 /* Frameworks */ = {
			isa = PBXFrameworksBuildPhase;
			buildActionMask = 2147483647;
			files = (
			);
			runOnlyForDeploymentPostprocessing = 0;
		};
/* End PBXFrameworksBuildPhase section */

/* Begin PBXGroup section */
		274886BC52C52F6926E1F23F /* Pods */ = {
			isa = PBXGroup;
			children = (
				74E3E5E4892B5165A520C57D /* Pods-HCSecurityKeyboardExcemple.debug.xcconfig */,
				FD2CAD668CE809AE80DB87A2 /* Pods-HCSecurityKeyboardExcemple.release.xcconfig */,
			);
			path = Pods;
			sourceTree = "<group>";
		};
		4F061A8DC0218517BF787F29 /* Frameworks */ = {
			isa = PBXGroup;
			children = (
				B8FCAB9BB2A57C6DDF6E1BEC /* Pods_HCSecurityKeyboardExcemple.framework */,
			);
			name = Frameworks;
			sourceTree = "<group>";
		};
		D518364F282A511C00C00935 = {
			isa = PBXGroup;
			children = (
				D562DD012851E41D007D51DE /* HCSecurityKeyboard */,
				D518365A282A511C00C00935 /* HCSecurityKeyboardExcemple */,
				D5183671282A512000C00935 /* HCSecurityKeyboardExcempleTests */,
				D518367B282A512000C00935 /* HCSecurityKeyboardExcempleUITests */,
				D5183659282A511C00C00935 /* Products */,
				274886BC52C52F6926E1F23F /* Pods */,
				4F061A8DC0218517BF787F29 /* Frameworks */,
			);
			sourceTree = "<group>";
		};
		D5183659282A511C00C00935 /* Products */ = {
			isa = PBXGroup;
			children = (
				D5183658282A511C00C00935 /* HCSecurityKeyboardExcemple.app */,
				D518366E282A512000C00935 /* HCSecurityKeyboardExcempleTests.xctest */,
				D5183678282A512000C00935 /* HCSecurityKeyboardExcempleUITests.xctest */,
			);
			name = Products;
			sourceTree = "<group>";
		};
		D518365A282A511C00C00935 /* HCSecurityKeyboardExcemple */ = {
			isa = PBXGroup;
			children = (
				D518365B282A511C00C00935 /* AppDelegate.swift */,
				D518365D282A511C00C00935 /* SceneDelegate.swift */,
				D518365F282A511C00C00935 /* ViewController.swift */,
				D5183661282A511C00C00935 /* Main.storyboard */,
				D5183666282A511F00C00935 /* LaunchScreen.storyboard */,
				D5183669282A511F00C00935 /* Info.plist */,
				D51836D8282B986600C00935 /* HCSecurityKeyboard.xcassets */,
			);
			path = HCSecurityKeyboardExcemple;
			sourceTree = "<group>";
		};
		D5183671282A512000C00935 /* HCSecurityKeyboardExcempleTests */ = {
			isa = PBXGroup;
			children = (
				D5183672282A512000C00935 /* HCSecurityKeyboardExcempleTests.swift */,
			);
			path = HCSecurityKeyboardExcempleTests;
			sourceTree = "<group>";
		};
		D518367B282A512000C00935 /* HCSecurityKeyboardExcempleUITests */ = {
			isa = PBXGroup;
			children = (
				D518367C282A512000C00935 /* HCSecurityKeyboardExcempleUITests.swift */,
				D518367E282A512000C00935 /* HCSecurityKeyboardExcempleUITestsLaunchTests.swift */,
			);
			path = HCSecurityKeyboardExcempleUITests;
			sourceTree = "<group>";
		};
		D562DD012851E41D007D51DE /* HCSecurityKeyboard */ = {
			isa = PBXGroup;
			children = (
				D562DD022851E41D007D51DE /* SRTDefines.swift */,
				D562DD032851E41D007D51DE /* SRTAppendTextField.swift */,
				D562DD042851E41D007D51DE /* SRTKeyboardButton.swift */,
				D562DD052851E41D007D51DE /* SRTKeyboardView.swift */,
			);
			name = HCSecurityKeyboard;
			path = ../HCSecurityKeyboard;
			sourceTree = "<group>";
		};
/* End PBXGroup section */

/* Begin PBXNativeTarget section */
		D5183657282A511C00C00935 /* HCSecurityKeyboardExcemple */ = {
			isa = PBXNativeTarget;
			buildConfigurationList = D5183682282A512000C00935 /* Build configuration list for PBXNativeTarget "HCSecurityKeyboardExcemple" */;
			buildPhases = (
				A17CC70DD6B981ACBB2635A3 /* [CP] Check Pods Manifest.lock */,
				D5183654282A511C00C00935 /* Sources */,
				D5183655282A511C00C00935 /* Frameworks */,
				D5183656282A511C00C00935 /* Resources */,
				0CD93E6898F0A24E2CE589BB /* [CP] Embed Pods Frameworks */,
			);
			buildRules = (
			);
			dependencies = (
			);
			name = HCSecurityKeyboardExcemple;
			productName = HCSecurityKeyboardExcemple;
			productReference = D5183658282A511C00C00935 /* HCSecurityKeyboardExcemple.app */;
			productType = "com.apple.product-type.application";
		};
		D518366D282A512000C00935 /* HCSecurityKeyboardExcempleTests */ = {
			isa = PBXNativeTarget;
			buildConfigurationList = D5183685282A512000C00935 /* Build configuration list for PBXNativeTarget "HCSecurityKeyboardExcempleTests" */;
			buildPhases = (
				D518366A282A512000C00935 /* Sources */,
				D518366B282A512000C00935 /* Frameworks */,
				D518366C282A512000C00935 /* Resources */,
			);
			buildRules = (
			);
			dependencies = (
				D5183670282A512000C00935 /* PBXTargetDependency */,
			);
			name = HCSecurityKeyboardExcempleTests;
			productName = HCSecurityKeyboardExcempleTests;
			productReference = D518366E282A512000C00935 /* HCSecurityKeyboardExcempleTests.xctest */;
			productType = "com.apple.product-type.bundle.unit-test";
		};
		D5183677282A512000C00935 /* HCSecurityKeyboardExcempleUITests */ = {
			isa = PBXNativeTarget;
			buildConfigurationList = D5183688282A512000C00935 /* Build configuration list for PBXNativeTarget "HCSecurityKeyboardExcempleUITests" */;
			buildPhases = (
				D5183674282A512000C00935 /* Sources */,
				D5183675282A512000C00935 /* Frameworks */,
				D5183676282A512000C00935 /* Resources */,
			);
			buildRules = (
			);
			dependencies = (
				D518367A282A512000C00935 /* PBXTargetDependency */,
			);
			name = HCSecurityKeyboardExcempleUITests;
			productName = HCSecurityKeyboardExcempleUITests;
			productReference = D5183678282A512000C00935 /* HCSecurityKeyboardExcempleUITests.xctest */;
			productType = "com.apple.product-type.bundle.ui-testing";
		};
/* End PBXNativeTarget section */

/* Begin PBXProject section */
		D5183650282A511C00C00935 /* Project object */ = {
			isa = PBXProject;
			attributes = {
				BuildIndependentTargetsInParallel = 1;
				LastSwiftUpdateCheck = 1330;
				LastUpgradeCheck = 1330;
				TargetAttributes = {
					D5183657282A511C00C00935 = {
						CreatedOnToolsVersion = 13.3;
					};
					D518366D282A512000C00935 = {
						CreatedOnToolsVersion = 13.3;
						TestTargetID = D5183657282A511C00C00935;
					};
					D5183677282A512000C00935 = {
						CreatedOnToolsVersion = 13.3;
						TestTargetID = D5183657282A511C00C00935;
					};
				};
			};
			buildConfigurationList = D5183653282A511C00C00935 /* Build configuration list for PBXProject "HCSecurityKeyboardExcemple" */;
			compatibilityVersion = "Xcode 13.0";
			developmentRegion = en;
			hasScannedForEncodings = 0;
			knownRegions = (
				en,
				Base,
			);
			mainGroup = D518364F282A511C00C00935;
			productRefGroup = D5183659282A511C00C00935 /* Products */;
			projectDirPath = "";
			projectRoot = "";
			targets = (
				D5183657282A511C00C00935 /* HCSecurityKeyboardExcemple */,
				D518366D282A512000C00935 /* HCSecurityKeyboardExcempleTests */,
				D5183677282A512000C00935 /* HCSecurityKeyboardExcempleUITests */,
			);
		};
/* End PBXProject section */

/* Begin PBXResourcesBuildPhase section */
		D5183656282A511C00C00935 /* Resources */ = {
			isa = PBXResourcesBuildPhase;
			buildActionMask = 2147483647;
			files = (
				D51836D9282B986600C00935 /* HCSecurityKeyboard.xcassets in Resources */,
				D5183668282A511F00C00935 /* LaunchScreen.storyboard in Resources */,
				D5183663282A511C00C00935 /* Main.storyboard in Resources */,
			);
			runOnlyForDeploymentPostprocessing = 0;
		};
		D518366C282A512000C00935 /* Resources */ = {
			isa = PBXResourcesBuildPhase;
			buildActionMask = 2147483647;
			files = (
			);
			runOnlyForDeploymentPostprocessing = 0;
		};
		D5183676282A512000C00935 /* Resources */ = {
			isa = PBXResourcesBuildPhase;
			buildActionMask = 2147483647;
			files = (
			);
			runOnlyForDeploymentPostprocessing = 0;
		};
/* End PBXResourcesBuildPhase section */

/* Begin PBXShellScriptBuildPhase section */
		0CD93E6898F0A24E2CE589BB /* [CP] Embed Pods Frameworks */ = {
			isa = PBXShellScriptBuildPhase;
			buildActionMask = 2147483647;
			files = (
			);
			inputFileListPaths = (
				"${PODS_ROOT}/Target Support Files/Pods-HCSecurityKeyboardExcemple/Pods-HCSecurityKeyboardExcemple-frameworks-${CONFIGURATION}-input-files.xcfilelist",
			);
			name = "[CP] Embed Pods Frameworks";
			outputFileListPaths = (
				"${PODS_ROOT}/Target Support Files/Pods-HCSecurityKeyboardExcemple/Pods-HCSecurityKeyboardExcemple-frameworks-${CONFIGURATION}-output-files.xcfilelist",
			);
			runOnlyForDeploymentPostprocessing = 0;
			shellPath = /bin/sh;
			shellScript = "\"${PODS_ROOT}/Target Support Files/Pods-HCSecurityKeyboardExcemple/Pods-HCSecurityKeyboardExcemple-frameworks.sh\"\n";
			showEnvVarsInLog = 0;
		};
		A17CC70DD6B981ACBB2635A3 /* [CP] Check Pods Manifest.lock */ = {
			isa = PBXShellScriptBuildPhase;
			buildActionMask = 2147483647;
			files = (
			);
			inputFileListPaths = (
			);
			inputPaths = (
				"${PODS_PODFILE_DIR_PATH}/Podfile.lock",
				"${PODS_ROOT}/Manifest.lock",
			);
			name = "[CP] Check Pods Manifest.lock";
			outputFileListPaths = (
			);
			outputPaths = (
				"$(DERIVED_FILE_DIR)/Pods-HCSecurityKeyboardExcemple-checkManifestLockResult.txt",
			);
			runOnlyForDeploymentPostprocessing = 0;
			shellPath = /bin/sh;
			shellScript = "diff \"${PODS_PODFILE_DIR_PATH}/Podfile.lock\" \"${PODS_ROOT}/Manifest.lock\" > /dev/null\nif [ $? != 0 ] ; then\n    # print error to STDERR\n    echo \"error: The sandbox is not in sync with the Podfile.lock. Run 'pod install' or update your CocoaPods installation.\" >&2\n    exit 1\nfi\n# This output is used by Xcode 'outputs' to avoid re-running this script phase.\necho \"SUCCESS\" > \"${SCRIPT_OUTPUT_FILE_0}\"\n";
			showEnvVarsInLog = 0;
		};
/* End PBXShellScriptBuildPhase section */

/* Begin PBXSourcesBuildPhase section */
		D5183654282A511C00C00935 /* Sources */ = {
			isa = PBXSourcesBuildPhase;
			buildActionMask = 2147483647;
			files = (
				D5183660282A511C00C00935 /* ViewController.swift in Sources */,
				D562DD072851E41D007D51DE /* SRTAppendTextField.swift in Sources */,
				D562DD082851E41D007D51DE /* SRTKeyboardButton.swift in Sources */,
				D518365C282A511C00C00935 /* AppDelegate.swift in Sources */,
				D518365E282A511C00C00935 /* SceneDelegate.swift in Sources */,
				D562DD092851E41D007D51DE /* SRTKeyboardView.swift in Sources */,
				D562DD062851E41D007D51DE /* SRTDefines.swift in Sources */,
			);
			runOnlyForDeploymentPostprocessing = 0;
		};
		D518366A282A512000C00935 /* Sources */ = {
			isa = PBXSourcesBuildPhase;
			buildActionMask = 2147483647;
			files = (
				D5183673282A512000C00935 /* HCSecurityKeyboardExcempleTests.swift in Sources */,
			);
			runOnlyForDeploymentPostprocessing = 0;
		};
		D5183674282A512000C00935 /* Sources */ = {
			isa = PBXSourcesBuildPhase;
			buildActionMask = 2147483647;
			files = (
				D518367D282A512000C00935 /* HCSecurityKeyboardExcempleUITests.swift in Sources */,
				D518367F282A512000C00935 /* HCSecurityKeyboardExcempleUITestsLaunchTests.swift in Sources */,
			);
			runOnlyForDeploymentPostprocessing = 0;
		};
/* End PBXSourcesBuildPhase section */

/* Begin PBXTargetDependency section */
		D5183670282A512000C00935 /* PBXTargetDependency */ = {
			isa = PBXTargetDependency;
			target = D5183657282A511C00C00935 /* HCSecurityKeyboardExcemple */;
			targetProxy = D518366F282A512000C00935 /* PBXContainerItemProxy */;
		};
		D518367A282A512000C00935 /* PBXTargetDependency */ = {
			isa = PBXTargetDependency;
			target = D5183657282A511C00C00935 /* HCSecurityKeyboardExcemple */;
			targetProxy = D5183679282A512000C00935 /* PBXContainerItemProxy */;
		};
/* End PBXTargetDependency section */

/* Begin PBXVariantGroup section */
		D5183661282A511C00C00935 /* Main.storyboard */ = {
			isa = PBXVariantGroup;
			children = (
				D5183662282A511C00C00935 /* Base */,
			);
			name = Main.storyboard;
			sourceTree = "<group>";
		};
		D5183666282A511F00C00935 /* LaunchScreen.storyboard */ = {
			isa = PBXVariantGroup;
			children = (
				D5183667282A511F00C00935 /* Base */,
			);
			name = LaunchScreen.storyboard;
			sourceTree = "<group>";
		};
/* End PBXVariantGroup section */

/* Begin XCBuildConfiguration section */
		D5183680282A512000C00935 /* Debug */ = {
			isa = XCBuildConfiguration;
			buildSettings = {
				ALWAYS_SEARCH_USER_PATHS = NO;
				CLANG_ANALYZER_NONNULL = YES;
				CLANG_ANALYZER_NUMBER_OBJECT_CONVERSION = YES_AGGRESSIVE;
				CLANG_CXX_LANGUAGE_STANDARD = "gnu++17";
				CLANG_ENABLE_MODULES = YES;
				CLANG_ENABLE_OBJC_ARC = YES;
				CLANG_ENABLE_OBJC_WEAK = YES;
				CLANG_WARN_BLOCK_CAPTURE_AUTORELEASING = YES;
				CLANG_WARN_BOOL_CONVERSION = YES;
				CLANG_WARN_COMMA = YES;
				CLANG_WARN_CONSTANT_CONVERSION = YES;
				CLANG_WARN_DEPRECATED_OBJC_IMPLEMENTATIONS = YES;
				CLANG_WARN_DIRECT_OBJC_ISA_USAGE = YES_ERROR;
				CLANG_WARN_DOCUMENTATION_COMMENTS = YES;
				CLANG_WARN_EMPTY_BODY = YES;
				CLANG_WARN_ENUM_CONVERSION = YES;
				CLANG_WARN_INFINITE_RECURSION = YES;
				CLANG_WARN_INT_CONVERSION = YES;
				CLANG_WARN_NON_LITERAL_NULL_CONVERSION = YES;
				CLANG_WARN_OBJC_IMPLICIT_RETAIN_SELF = YES;
				CLANG_WARN_OBJC_LITERAL_CONVERSION = YES;
				CLANG_WARN_OBJC_ROOT_CLASS = YES_ERROR;
				CLANG_WARN_QUOTED_INCLUDE_IN_FRAMEWORK_HEADER = YES;
				CLANG_WARN_RANGE_LOOP_ANALYSIS = YES;
				CLANG_WARN_STRICT_PROTOTYPES = YES;
				CLANG_WARN_SUSPICIOUS_MOVE = YES;
				CLANG_WARN_UNGUARDED_AVAILABILITY = YES_AGGRESSIVE;
				CLANG_WARN_UNREACHABLE_CODE = YES;
				CLANG_WARN__DUPLICATE_METHOD_MATCH = YES;
				COPY_PHASE_STRIP = NO;
				DEBUG_INFORMATION_FORMAT = dwarf;
				ENABLE_STRICT_OBJC_MSGSEND = YES;
				ENABLE_TESTABILITY = YES;
				GCC_C_LANGUAGE_STANDARD = gnu11;
				GCC_DYNAMIC_NO_PIC = NO;
				GCC_NO_COMMON_BLOCKS = YES;
				GCC_OPTIMIZATION_LEVEL = 0;
				GCC_PREPROCESSOR_DEFINITIONS = (
					"DEBUG=1",
					"$(inherited)",
				);
				GCC_WARN_64_TO_32_BIT_CONVERSION = YES;
				GCC_WARN_ABOUT_RETURN_TYPE = YES_ERROR;
				GCC_WARN_UNDECLARED_SELECTOR = YES;
				GCC_WARN_UNINITIALIZED_AUTOS = YES_AGGRESSIVE;
				GCC_WARN_UNUSED_FUNCTION = YES;
				GCC_WARN_UNUSED_VARIABLE = YES;
				IPHONEOS_DEPLOYMENT_TARGET = 15.4;
				MTL_ENABLE_DEBUG_INFO = INCLUDE_SOURCE;
				MTL_FAST_MATH = YES;
				ONLY_ACTIVE_ARCH = YES;
				SDKROOT = iphoneos;
				SWIFT_ACTIVE_COMPILATION_CONDITIONS = DEBUG;
				SWIFT_OPTIMIZATION_LEVEL = "-Onone";
			};
			name = Debug;
		};
		D5183681282A512000C00935 /* Release */ = {
			isa = XCBuildConfiguration;
			buildSettings = {
				ALWAYS_SEARCH_USER_PATHS = NO;
				CLANG_ANALYZER_NONNULL = YES;
				CLANG_ANALYZER_NUMBER_OBJECT_CONVERSION = YES_AGGRESSIVE;
				CLANG_CXX_LANGUAGE_STANDARD = "gnu++17";
				CLANG_ENABLE_MODULES = YES;
				CLANG_ENABLE_OBJC_ARC = YES;
				CLANG_ENABLE_OBJC_WEAK = YES;
				CLANG_WARN_BLOCK_CAPTURE_AUTORELEASING = YES;
				CLANG_WARN_BOOL_CONVERSION = YES;
				CLANG_WARN_COMMA = YES;
				CLANG_WARN_CONSTANT_CONVERSION = YES;
				CLANG_WARN_DEPRECATED_OBJC_IMPLEMENTATIONS = YES;
				CLANG_WARN_DIRECT_OBJC_ISA_USAGE = YES_ERROR;
				CLANG_WARN_DOCUMENTATION_COMMENTS = YES;
				CLANG_WARN_EMPTY_BODY = YES;
				CLANG_WARN_ENUM_CONVERSION = YES;
				CLANG_WARN_INFINITE_RECURSION = YES;
				CLANG_WARN_INT_CONVERSION = YES;
				CLANG_WARN_NON_LITERAL_NULL_CONVERSION = YES;
				CLANG_WARN_OBJC_IMPLICIT_RETAIN_SELF = YES;
				CLANG_WARN_OBJC_LITERAL_CONVERSION = YES;
				CLANG_WARN_OBJC_ROOT_CLASS = YES_ERROR;
				CLANG_WARN_QUOTED_INCLUDE_IN_FRAMEWORK_HEADER = YES;
				CLANG_WARN_RANGE_LOOP_ANALYSIS = YES;
				CLANG_WARN_STRICT_PROTOTYPES = YES;
				CLANG_WARN_SUSPICIOUS_MOVE = YES;
				CLANG_WARN_UNGUARDED_AVAILABILITY = YES_AGGRESSIVE;
				CLANG_WARN_UNREACHABLE_CODE = YES;
				CLANG_WARN__DUPLICATE_METHOD_MATCH = YES;
				COPY_PHASE_STRIP = NO;
				DEBUG_INFORMATION_FORMAT = "dwarf-with-dsym";
				ENABLE_NS_ASSERTIONS = NO;
				ENABLE_STRICT_OBJC_MSGSEND = YES;
				GCC_C_LANGUAGE_STANDARD = gnu11;
				GCC_NO_COMMON_BLOCKS = YES;
				GCC_WARN_64_TO_32_BIT_CONVERSION = YES;
				GCC_WARN_ABOUT_RETURN_TYPE = YES_ERROR;
				GCC_WARN_UNDECLARED_SELECTOR = YES;
				GCC_WARN_UNINITIALIZED_AUTOS = YES_AGGRESSIVE;
				GCC_WARN_UNUSED_FUNCTION = YES;
				GCC_WARN_UNUSED_VARIABLE = YES;
				IPHONEOS_DEPLOYMENT_TARGET = 15.4;
				MTL_ENABLE_DEBUG_INFO = NO;
				MTL_FAST_MATH = YES;
				SDKROOT = iphoneos;
				SWIFT_COMPILATION_MODE = wholemodule;
				SWIFT_OPTIMIZATION_LEVEL = "-O";
				VALIDATE_PRODUCT = YES;
			};
			name = Release;
		};
		D5183683282A512000C00935 /* Debug */ = {
			isa = XCBuildConfiguration;
			baseConfigurationReference = 74E3E5E4892B5165A520C57D /* Pods-HCSecurityKeyboardExcemple.debug.xcconfig */;
			buildSettings = {
				ASSETCATALOG_COMPILER_APPICON_NAME = AppIcon;
				ASSETCATALOG_COMPILER_GLOBAL_ACCENT_COLOR_NAME = AccentColor;
				CODE_SIGN_STYLE = Automatic;
				CURRENT_PROJECT_VERSION = 1;
				DEVELOPMENT_TEAM = HVL267SB24;
				GENERATE_INFOPLIST_FILE = YES;
				INFOPLIST_FILE = HCSecurityKeyboardExcemple/Info.plist;
				INFOPLIST_KEY_UIApplicationSupportsIndirectInputEvents = YES;
				INFOPLIST_KEY_UILaunchStoryboardName = LaunchScreen;
				INFOPLIST_KEY_UIMainStoryboardFile = Main;
				INFOPLIST_KEY_UISupportedInterfaceOrientations = UIInterfaceOrientationPortrait;
				INFOPLIST_KEY_UISupportedInterfaceOrientations_iPad = "UIInterfaceOrientationPortrait UIInterfaceOrientationPortraitUpsideDown UIInterfaceOrientationLandscapeLeft UIInterfaceOrientationLandscapeRight";
				INFOPLIST_KEY_UISupportedInterfaceOrientations_iPhone = "UIInterfaceOrientationPortrait UIInterfaceOrientationLandscapeLeft UIInterfaceOrientationLandscapeRight";
				IPHONEOS_DEPLOYMENT_TARGET = 14.0;
				LD_RUNPATH_SEARCH_PATHS = (
					"$(inherited)",
					"@executable_path/Frameworks",
				);
				MARKETING_VERSION = 1.0;
				PRODUCT_BUNDLE_IDENTIFIER = com.homecredit.hccn.customerapp;
				PRODUCT_NAME = "$(TARGET_NAME)";
				SWIFT_EMIT_LOC_STRINGS = YES;
				SWIFT_VERSION = 5.0;
				TARGETED_DEVICE_FAMILY = 1;
			};
			name = Debug;
		};
		D5183684282A512000C00935 /* Release */ = {
			isa = XCBuildConfiguration;
			baseConfigurationReference = FD2CAD668CE809AE80DB87A2 /* Pods-HCSecurityKeyboardExcemple.release.xcconfig */;
			buildSettings = {
				ASSETCATALOG_COMPILER_APPICON_NAME = AppIcon;
				ASSETCATALOG_COMPILER_GLOBAL_ACCENT_COLOR_NAME = AccentColor;
				CODE_SIGN_STYLE = Automatic;
				CURRENT_PROJECT_VERSION = 1;
				DEVELOPMENT_TEAM = HVL267SB24;
				GENERATE_INFOPLIST_FILE = YES;
				INFOPLIST_FILE = HCSecurityKeyboardExcemple/Info.plist;
				INFOPLIST_KEY_UIApplicationSupportsIndirectInputEvents = YES;
				INFOPLIST_KEY_UILaunchStoryboardName = LaunchScreen;
				INFOPLIST_KEY_UIMainStoryboardFile = Main;
				INFOPLIST_KEY_UISupportedInterfaceOrientations = UIInterfaceOrientationPortrait;
				INFOPLIST_KEY_UISupportedInterfaceOrientations_iPad = "UIInterfaceOrientationPortrait UIInterfaceOrientationPortraitUpsideDown UIInterfaceOrientationLandscapeLeft UIInterfaceOrientationLandscapeRight";
				INFOPLIST_KEY_UISupportedInterfaceOrientations_iPhone = "UIInterfaceOrientationPortrait UIInterfaceOrientationLandscapeLeft UIInterfaceOrientationLandscapeRight";
				IPHONEOS_DEPLOYMENT_TARGET = 14.0;
				LD_RUNPATH_SEARCH_PATHS = (
					"$(inherited)",
					"@executable_path/Frameworks",
				);
				MARKETING_VERSION = 1.0;
				PRODUCT_BUNDLE_IDENTIFIER = com.homecredit.hccn.customerapp;
				PRODUCT_NAME = "$(TARGET_NAME)";
				SWIFT_EMIT_LOC_STRINGS = YES;
				SWIFT_VERSION = 5.0;
				TARGETED_DEVICE_FAMILY = 1;
			};
			name = Release;
		};
		D5183686282A512000C00935 /* Debug */ = {
			isa = XCBuildConfiguration;
			buildSettings = {
				ALWAYS_EMBED_SWIFT_STANDARD_LIBRARIES = YES;
				BUNDLE_LOADER = "$(TEST_HOST)";
				CODE_SIGN_STYLE = Automatic;
				CURRENT_PROJECT_VERSION = 1;
				GENERATE_INFOPLIST_FILE = YES;
				IPHONEOS_DEPLOYMENT_TARGET = 15.4;
				MARKETING_VERSION = 1.0;
				PRODUCT_BUNDLE_IDENTIFIER = HCSecurityKeyboardExcempleTests;
				PRODUCT_NAME = "$(TARGET_NAME)";
				SWIFT_EMIT_LOC_STRINGS = NO;
				SWIFT_VERSION = 5.0;
				TARGETED_DEVICE_FAMILY = "1,2";
				TEST_HOST = "$(BUILT_PRODUCTS_DIR)/HCSecurityKeyboardExcemple.app/HCSecurityKeyboardExcemple";
			};
			name = Debug;
		};
		D5183687282A512000C00935 /* Release */ = {
			isa = XCBuildConfiguration;
			buildSettings = {
				ALWAYS_EMBED_SWIFT_STANDARD_LIBRARIES = YES;
				BUNDLE_LOADER = "$(TEST_HOST)";
				CODE_SIGN_STYLE = Automatic;
				CURRENT_PROJECT_VERSION = 1;
				GENERATE_INFOPLIST_FILE = YES;
				IPHONEOS_DEPLOYMENT_TARGET = 15.4;
				MARKETING_VERSION = 1.0;
				PRODUCT_BUNDLE_IDENTIFIER = HCSecurityKeyboardExcempleTests;
				PRODUCT_NAME = "$(TARGET_NAME)";
				SWIFT_EMIT_LOC_STRINGS = NO;
				SWIFT_VERSION = 5.0;
				TARGETED_DEVICE_FAMILY = "1,2";
				TEST_HOST = "$(BUILT_PRODUCTS_DIR)/HCSecurityKeyboardExcemple.app/HCSecurityKeyboardExcemple";
			};
			name = Release;
		};
		D5183689282A512000C00935 /* Debug */ = {
			isa = XCBuildConfiguration;
			buildSettings = {
				ALWAYS_EMBED_SWIFT_STANDARD_LIBRARIES = YES;
				CODE_SIGN_STYLE = Automatic;
				CURRENT_PROJECT_VERSION = 1;
				GENERATE_INFOPLIST_FILE = YES;
				MARKETING_VERSION = 1.0;
				PRODUCT_BUNDLE_IDENTIFIER = HCSecurityKeyboardExcempleUITests;
				PRODUCT_NAME = "$(TARGET_NAME)";
				SWIFT_EMIT_LOC_STRINGS = NO;
				SWIFT_VERSION = 5.0;
				TARGETED_DEVICE_FAMILY = "1,2";
				TEST_TARGET_NAME = HCSecurityKeyboardExcemple;
			};
			name = Debug;
		};
		D518368A282A512000C00935 /* Release */ = {
			isa = XCBuildConfiguration;
			buildSettings = {
				ALWAYS_EMBED_SWIFT_STANDARD_LIBRARIES = YES;
				CODE_SIGN_STYLE = Automatic;
				CURRENT_PROJECT_VERSION = 1;
				GENERATE_INFOPLIST_FILE = YES;
				MARKETING_VERSION = 1.0;
				PRODUCT_BUNDLE_IDENTIFIER = HCSecurityKeyboardExcempleUITests;
				PRODUCT_NAME = "$(TARGET_NAME)";
				SWIFT_EMIT_LOC_STRINGS = NO;
				SWIFT_VERSION = 5.0;
				TARGETED_DEVICE_FAMILY = "1,2";
				TEST_TARGET_NAME = HCSecurityKeyboardExcemple;
			};
			name = Release;
		};
/* End XCBuildConfiguration section */

/* Begin XCConfigurationList section */
		D5183653282A511C00C00935 /* Build configuration list for PBXProject "HCSecurityKeyboardExcemple" */ = {
			isa = XCConfigurationList;
			buildConfigurations = (
				D5183680282A512000C00935 /* Debug */,
				D5183681282A512000C00935 /* Release */,
			);
			defaultConfigurationIsVisible = 0;
			defaultConfigurationName = Release;
		};
		D5183682282A512000C00935 /* Build configuration list for PBXNativeTarget "HCSecurityKeyboardExcemple" */ = {
			isa = XCConfigurationList;
			buildConfigurations = (
				D5183683282A512000C00935 /* Debug */,
				D5183684282A512000C00935 /* Release */,
			);
			defaultConfigurationIsVisible = 0;
			defaultConfigurationName = Release;
		};
		D5183685282A512000C00935 /* Build configuration list for PBXNativeTarget "HCSecurityKeyboardExcempleTests" */ = {
			isa = XCConfigurationList;
			buildConfigurations = (
				D5183686282A512000C00935 /* Debug */,
				D5183687282A512000C00935 /* Release */,
			);
			defaultConfigurationIsVisible = 0;
			defaultConfigurationName = Release;
		};
		D5183688282A512000C00935 /* Build configuration list for PBXNativeTarget "HCSecurityKeyboardExcempleUITests" */ = {
			isa = XCConfigurationList;
			buildConfigurations = (
				D5183689282A512000C00935 /* Debug */,
				D518368A282A512000C00935 /* Release */,
			);
			defaultConfigurationIsVisible = 0;
			defaultConfigurationName = Release;
		};
/* End XCConfigurationList section */
	};
	rootObject = D5183650282A511C00C00935 /* Project object */;
}
