// !$*UTF8*$!
{
	archiveVersion = 1;
	classes = {
	};
	objectVersion = 55;
	objects = {

/* Begin PBXBuildFile section */
		03B4E6EA28A231BD00AF6C6F /* AppDelegate.swift in Sources */ = {isa = PBXBuildFile; fileRef = 03B4E6E928A231BD00AF6C6F /* AppDelegate.swift */; };
		03B4E6EE28A231BD00AF6C6F /* ViewController.swift in Sources */ = {isa = PBXBuildFile; fileRef = 03B4E6ED28A231BD00AF6C6F /* ViewController.swift */; };
		03B4E6F128A231BD00AF6C6F /* Main.storyboard in Resources */ = {isa = PBXBuildFile; fileRef = 03B4E6EF28A231BD00AF6C6F /* Main.storyboard */; };
		03B4E6F328A231BE00AF6C6F /* Assets.xcassets in Resources */ = {isa = PBXBuildFile; fileRef = 03B4E6F228A231BE00AF6C6F /* Assets.xcassets */; };
		03B4E6F628A231BE00AF6C6F /* LaunchScreen.storyboard in Resources */ = {isa = PBXBuildFile; fileRef = 03B4E6F428A231BE00AF6C6F /* LaunchScreen.storyboard */; };
		03B4E6FE28A23C1000AF6C6F /* SceneDelegate.swift in Sources */ = {isa = PBXBuildFile; fileRef = 03B4E6FD28A23C1000AF6C6F /* SceneDelegate.swift */; };
		2D642F54E5A7DCC94C9CAC84 /* Pods_HCSecurityKeyboardDemo.framework in Frameworks */ = {isa = PBXBuildFile; fileRef = 3B026ECAE5936857B2738603 /* Pods_HCSecurityKeyboardDemo.framework */; };
/* End PBXBuildFile section */

/* Begin PBXFileReference section */
		03B4E6E628A231BD00AF6C6F /* HCSecurityKeyboardDemo.app */ = {isa = PBXFileReference; explicitFileType = wrapper.application; includeInIndex = 0; path = HCSecurityKeyboardDemo.app; sourceTree = BUILT_PRODUCTS_DIR; };
		03B4E6E928A231BD00AF6C6F /* AppDelegate.swift */ = {isa = PBXFileReference; lastKnownFileType = sourcecode.swift; path = AppDelegate.swift; sourceTree = "<group>"; };
		03B4E6ED28A231BD00AF6C6F /* ViewController.swift */ = {isa = PBXFileReference; lastKnownFileType = sourcecode.swift; path = ViewController.swift; sourceTree = "<group>"; };
		03B4E6F028A231BD00AF6C6F /* Base */ = {isa = PBXFileReference; lastKnownFileType = file.storyboard; name = Base; path = Base.lproj/Main.storyboard; sourceTree = "<group>"; };
		03B4E6F228A231BE00AF6C6F /* Assets.xcassets */ = {isa = PBXFileReference; lastKnownFileType = folder.assetcatalog; path = Assets.xcassets; sourceTree = "<group>"; };
		03B4E6F528A231BE00AF6C6F /* Base */ = {isa = PBXFileReference; lastKnownFileType = file.storyboard; name = Base; path = Base.lproj/LaunchScreen.storyboard; sourceTree = "<group>"; };
		03B4E6F728A231BE00AF6C6F /* Info.plist */ = {isa = PBXFileReference; lastKnownFileType = text.plist.xml; path = Info.plist; sourceTree = "<group>"; };
		03B4E6FD28A23C1000AF6C6F /* SceneDelegate.swift */ = {isa = PBXFileReference; lastKnownFileType = sourcecode.swift; path = SceneDelegate.swift; sourceTree = "<group>"; };
		3B026ECAE5936857B2738603 /* Pods_HCSecurityKeyboardDemo.framework */ = {isa = PBXFileReference; explicitFileType = wrapper.framework; includeInIndex = 0; path = Pods_HCSecurityKeyboardDemo.framework; sourceTree = BUILT_PRODUCTS_DIR; };
		476C4A84BDD5D923D5BEF35C /* Pods-HCSecurityKeyboardDemo.debug.xcconfig */ = {isa = PBXFileReference; includeInIndex = 1; lastKnownFileType = text.xcconfig; name = "Pods-HCSecurityKeyboardDemo.debug.xcconfig"; path = "Target Support Files/Pods-HCSecurityKeyboardDemo/Pods-HCSecurityKeyboardDemo.debug.xcconfig"; sourceTree = "<group>"; };
		63AAD65FBF1BBEFBB311E0AC /* Pods-HCSecurityKeyboardDemo.release.xcconfig */ = {isa = PBXFileReference; includeInIndex = 1; lastKnownFileType = text.xcconfig; name = "Pods-HCSecurityKeyboardDemo.release.xcconfig"; path = "Target Support Files/Pods-HCSecurityKeyboardDemo/Pods-HCSecurityKeyboardDemo.release.xcconfig"; sourceTree = "<group>"; };
/* End PBXFileReference section */

/* Begin PBXFrameworksBuildPhase section */
		03B4E6E328A231BD00AF6C6F /* Frameworks */ = {
			isa = PBXFrameworksBuildPhase;
			buildActionMask = 2147483647;
			files = (
				2D642F54E5A7DCC94C9CAC84 /* Pods_HCSecurityKeyboardDemo.framework in Frameworks */,
			);
			runOnlyForDeploymentPostprocessing = 0;
		};
/* End PBXFrameworksBuildPhase section */

/* Begin PBXGroup section */
		03B4E6DD28A231BD00AF6C6F = {
			isa = PBXGroup;
			children = (
				03B4E6E828A231BD00AF6C6F /* HCSecurityKeyboardDemo */,
				03B4E6E728A231BD00AF6C6F /* Products */,
				782E33F349113ED4FB990156 /* Pods */,
				AAD53D33E825173393E68602 /* Frameworks */,
			);
			sourceTree = "<group>";
		};
		03B4E6E728A231BD00AF6C6F /* Products */ = {
			isa = PBXGroup;
			children = (
				03B4E6E628A231BD00AF6C6F /* HCSecurityKeyboardDemo.app */,
			);
			name = Products;
			sourceTree = "<group>";
		};
		03B4E6E828A231BD00AF6C6F /* HCSecurityKeyboardDemo */ = {
			isa = PBXGroup;
			children = (
				03B4E6E928A231BD00AF6C6F /* AppDelegate.swift */,
				03B4E6FD28A23C1000AF6C6F /* SceneDelegate.swift */,
				03B4E6ED28A231BD00AF6C6F /* ViewController.swift */,
				03B4E6EF28A231BD00AF6C6F /* Main.storyboard */,
				03B4E6F228A231BE00AF6C6F /* Assets.xcassets */,
				03B4E6F428A231BE00AF6C6F /* LaunchScreen.storyboard */,
				03B4E6F728A231BE00AF6C6F /* Info.plist */,
			);
			path = HCSecurityKeyboardDemo;
			sourceTree = "<group>";
		};
		782E33F349113ED4FB990156 /* Pods */ = {
			isa = PBXGroup;
			children = (
				476C4A84BDD5D923D5BEF35C /* Pods-HCSecurityKeyboardDemo.debug.xcconfig */,
				63AAD65FBF1BBEFBB311E0AC /* Pods-HCSecurityKeyboardDemo.release.xcconfig */,
			);
			path = Pods;
			sourceTree = "<group>";
		};
		AAD53D33E825173393E68602 /* Frameworks */ = {
			isa = PBXGroup;
			children = (
				3B026ECAE5936857B2738603 /* Pods_HCSecurityKeyboardDemo.framework */,
			);
			name = Frameworks;
			sourceTree = "<group>";
		};
/* End PBXGroup section */

/* Begin PBXNativeTarget section */
		03B4E6E528A231BD00AF6C6F /* HCSecurityKeyboardDemo */ = {
			isa = PBXNativeTarget;
			buildConfigurationList = 03B4E6FA28A231BE00AF6C6F /* Build configuration list for PBXNativeTarget "HCSecurityKeyboardDemo" */;
			buildPhases = (
				E7DAD766855844C38380DD7D /* [CP] Check Pods Manifest.lock */,
				03B4E6E228A231BD00AF6C6F /* Sources */,
				03B4E6E328A231BD00AF6C6F /* Frameworks */,
				03B4E6E428A231BD00AF6C6F /* Resources */,
				DF05376CE46438C577449A94 /* [CP] Embed Pods Frameworks */,
			);
			buildRules = (
			);
			dependencies = (
			);
			name = HCSecurityKeyboardDemo;
			productName = HCSecurityKeyboardDemo;
			productReference = 03B4E6E628A231BD00AF6C6F /* HCSecurityKeyboardDemo.app */;
			productType = "com.apple.product-type.application";
		};
/* End PBXNativeTarget section */

/* Begin PBXProject section */
		03B4E6DE28A231BD00AF6C6F /* Project object */ = {
			isa = PBXProject;
			attributes = {
				BuildIndependentTargetsInParallel = 1;
				LastSwiftUpdateCheck = 1320;
				LastUpgradeCheck = 1320;
				TargetAttributes = {
					03B4E6E528A231BD00AF6C6F = {
						CreatedOnToolsVersion = 13.2.1;
					};
				};
			};
			buildConfigurationList = 03B4E6E128A231BD00AF6C6F /* Build configuration list for PBXProject "HCSecurityKeyboardDemo" */;
			compatibilityVersion = "Xcode 13.0";
			developmentRegion = en;
			hasScannedForEncodings = 0;
			knownRegions = (
				en,
				Base,
			);
			mainGroup = 03B4E6DD28A231BD00AF6C6F;
			productRefGroup = 03B4E6E728A231BD00AF6C6F /* Products */;
			projectDirPath = "";
			projectRoot = "";
			targets = (
				03B4E6E528A231BD00AF6C6F /* HCSecurityKeyboardDemo */,
			);
		};
/* End PBXProject section */

/* Begin PBXResourcesBuildPhase section */
		03B4E6E428A231BD00AF6C6F /* Resources */ = {
			isa = PBXResourcesBuildPhase;
			buildActionMask = 2147483647;
			files = (
				03B4E6F628A231BE00AF6C6F /* LaunchScreen.storyboard in Resources */,
				03B4E6F328A231BE00AF6C6F /* Assets.xcassets in Resources */,
				03B4E6F128A231BD00AF6C6F /* Main.storyboard in Resources */,
			);
			runOnlyForDeploymentPostprocessing = 0;
		};
/* End PBXResourcesBuildPhase section */

/* Begin PBXShellScriptBuildPhase section */
		DF05376CE46438C577449A94 /* [CP] Embed Pods Frameworks */ = {
			isa = PBXShellScriptBuildPhase;
			buildActionMask = 2147483647;
			files = (
			);
			inputFileListPaths = (
				"${PODS_ROOT}/Target Support Files/Pods-HCSecurityKeyboardDemo/Pods-HCSecurityKeyboardDemo-frameworks-${CONFIGURATION}-input-files.xcfilelist",
			);
			name = "[CP] Embed Pods Frameworks";
			outputFileListPaths = (
				"${PODS_ROOT}/Target Support Files/Pods-HCSecurityKeyboardDemo/Pods-HCSecurityKeyboardDemo-frameworks-${CONFIGURATION}-output-files.xcfilelist",
			);
			runOnlyForDeploymentPostprocessing = 0;
			shellPath = /bin/sh;
			shellScript = "\"${PODS_ROOT}/Target Support Files/Pods-HCSecurityKeyboardDemo/Pods-HCSecurityKeyboardDemo-frameworks.sh\"\n";
			showEnvVarsInLog = 0;
		};
		E7DAD766855844C38380DD7D /* [CP] Check Pods Manifest.lock */ = {
			isa = PBXShellScriptBuildPhase;
			buildActionMask = 2147483647;
			files = (
			);
			inputFileListPaths = (
			);
			inputPaths = (
				"${PODS_PODFILE_DIR_PATH}/Podfile.lock",
				"${PODS_ROOT}/Manifest.lock",
			);
			name = "[CP] Check Pods Manifest.lock";
			outputFileListPaths = (
			);
			outputPaths = (
				"$(DERIVED_FILE_DIR)/Pods-HCSecurityKeyboardDemo-checkManifestLockResult.txt",
			);
			runOnlyForDeploymentPostprocessing = 0;
			shellPath = /bin/sh;
			shellScript = "diff \"${PODS_PODFILE_DIR_PATH}/Podfile.lock\" \"${PODS_ROOT}/Manifest.lock\" > /dev/null\nif [ $? != 0 ] ; then\n    # print error to STDERR\n    echo \"error: The sandbox is not in sync with the Podfile.lock. Run 'pod install' or update your CocoaPods installation.\" >&2\n    exit 1\nfi\n# This output is used by Xcode 'outputs' to avoid re-running this script phase.\necho \"SUCCESS\" > \"${SCRIPT_OUTPUT_FILE_0}\"\n";
			showEnvVarsInLog = 0;
		};
/* End PBXShellScriptBuildPhase section */

/* Begin PBXSourcesBuildPhase section */
		03B4E6E228A231BD00AF6C6F /* Sources */ = {
			isa = PBXSourcesBuildPhase;
			buildActionMask = 2147483647;
			files = (
				03B4E6EE28A231BD00AF6C6F /* ViewController.swift in Sources */,
				03B4E6EA28A231BD00AF6C6F /* AppDelegate.swift in Sources */,
				03B4E6FE28A23C1000AF6C6F /* SceneDelegate.swift in Sources */,
			);
			runOnlyForDeploymentPostprocessing = 0;
		};
/* End PBXSourcesBuildPhase section */

/* Begin PBXVariantGroup section */
		03B4E6EF28A231BD00AF6C6F /* Main.storyboard */ = {
			isa = PBXVariantGroup;
			children = (
				03B4E6F028A231BD00AF6C6F /* Base */,
			);
			name = Main.storyboard;
			sourceTree = "<group>";
		};
		03B4E6F428A231BE00AF6C6F /* LaunchScreen.storyboard */ = {
			isa = PBXVariantGroup;
			children = (
				03B4E6F528A231BE00AF6C6F /* Base */,
			);
			name = LaunchScreen.storyboard;
			sourceTree = "<group>";
		};
/* End PBXVariantGroup section */

/* Begin XCBuildConfiguration section */
		03B4E6F828A231BE00AF6C6F /* Debug */ = {
			isa = XCBuildConfiguration;
			buildSettings = {
				ALWAYS_SEARCH_USER_PATHS = NO;
				CLANG_ANALYZER_NONNULL = YES;
				CLANG_ANALYZER_NUMBER_OBJECT_CONVERSION = YES_AGGRESSIVE;
				CLANG_CXX_LANGUAGE_STANDARD = "gnu++17";
				CLANG_CXX_LIBRARY = "libc++";
				CLANG_ENABLE_MODULES = YES;
				CLANG_ENABLE_OBJC_ARC = YES;
				CLANG_ENABLE_OBJC_WEAK = YES;
				CLANG_WARN_BLOCK_CAPTURE_AUTORELEASING = YES;
				CLANG_WARN_BOOL_CONVERSION = YES;
				CLANG_WARN_COMMA = YES;
				CLANG_WARN_CONSTANT_CONVERSION = YES;
				CLANG_WARN_DEPRECATED_OBJC_IMPLEMENTATIONS = YES;
				CLANG_WARN_DIRECT_OBJC_ISA_USAGE = YES_ERROR;
				CLANG_WARN_DOCUMENTATION_COMMENTS = YES;
				CLANG_WARN_EMPTY_BODY = YES;
				CLANG_WARN_ENUM_CONVERSION = YES;
				CLANG_WARN_INFINITE_RECURSION = YES;
				CLANG_WARN_INT_CONVERSION = YES;
				CLANG_WARN_NON_LITERAL_NULL_CONVERSION = YES;
				CLANG_WARN_OBJC_IMPLICIT_RETAIN_SELF = YES;
				CLANG_WARN_OBJC_LITERAL_CONVERSION = YES;
				CLANG_WARN_OBJC_ROOT_CLASS = YES_ERROR;
				CLANG_WARN_QUOTED_INCLUDE_IN_FRAMEWORK_HEADER = YES;
				CLANG_WARN_RANGE_LOOP_ANALYSIS = YES;
				CLANG_WARN_STRICT_PROTOTYPES = YES;
				CLANG_WARN_SUSPICIOUS_MOVE = YES;
				CLANG_WARN_UNGUARDED_AVAILABILITY = YES_AGGRESSIVE;
				CLANG_WARN_UNREACHABLE_CODE = YES;
				CLANG_WARN__DUPLICATE_METHOD_MATCH = YES;
				COPY_PHASE_STRIP = NO;
				DEBUG_INFORMATION_FORMAT = dwarf;
				ENABLE_STRICT_OBJC_MSGSEND = YES;
				ENABLE_TESTABILITY = YES;
				GCC_C_LANGUAGE_STANDARD = gnu11;
				GCC_DYNAMIC_NO_PIC = NO;
				GCC_NO_COMMON_BLOCKS = YES;
				GCC_OPTIMIZATION_LEVEL = 0;
				GCC_PREPROCESSOR_DEFINITIONS = (
					"DEBUG=1",
					"$(inherited)",
				);
				GCC_WARN_64_TO_32_BIT_CONVERSION = YES;
				GCC_WARN_ABOUT_RETURN_TYPE = YES_ERROR;
				GCC_WARN_UNDECLARED_SELECTOR = YES;
				GCC_WARN_UNINITIALIZED_AUTOS = YES_AGGRESSIVE;
				GCC_WARN_UNUSED_FUNCTION = YES;
				GCC_WARN_UNUSED_VARIABLE = YES;
				IPHONEOS_DEPLOYMENT_TARGET = 9.0;
				MTL_ENABLE_DEBUG_INFO = INCLUDE_SOURCE;
				MTL_FAST_MATH = YES;
				ONLY_ACTIVE_ARCH = YES;
				SDKROOT = iphoneos;
				SWIFT_ACTIVE_COMPILATION_CONDITIONS = DEBUG;
				SWIFT_OPTIMIZATION_LEVEL = "-Onone";
			};
			name = Debug;
		};
		03B4E6F928A231BE00AF6C6F /* Release */ = {
			isa = XCBuildConfiguration;
			buildSettings = {
				ALWAYS_SEARCH_USER_PATHS = NO;
				CLANG_ANALYZER_NONNULL = YES;
				CLANG_ANALYZER_NUMBER_OBJECT_CONVERSION = YES_AGGRESSIVE;
				CLANG_CXX_LANGUAGE_STANDARD = "gnu++17";
				CLANG_CXX_LIBRARY = "libc++";
				CLANG_ENABLE_MODULES = YES;
				CLANG_ENABLE_OBJC_ARC = YES;
				CLANG_ENABLE_OBJC_WEAK = YES;
				CLANG_WARN_BLOCK_CAPTURE_AUTORELEASING = YES;
				CLANG_WARN_BOOL_CONVERSION = YES;
				CLANG_WARN_COMMA = YES;
				CLANG_WARN_CONSTANT_CONVERSION = YES;
				CLANG_WARN_DEPRECATED_OBJC_IMPLEMENTATIONS = YES;
				CLANG_WARN_DIRECT_OBJC_ISA_USAGE = YES_ERROR;
				CLANG_WARN_DOCUMENTATION_COMMENTS = YES;
				CLANG_WARN_EMPTY_BODY = YES;
				CLANG_WARN_ENUM_CONVERSION = YES;
				CLANG_WARN_INFINITE_RECURSION = YES;
				CLANG_WARN_INT_CONVERSION = YES;
				CLANG_WARN_NON_LITERAL_NULL_CONVERSION = YES;
				CLANG_WARN_OBJC_IMPLICIT_RETAIN_SELF = YES;
				CLANG_WARN_OBJC_LITERAL_CONVERSION = YES;
				CLANG_WARN_OBJC_ROOT_CLASS = YES_ERROR;
				CLANG_WARN_QUOTED_INCLUDE_IN_FRAMEWORK_HEADER = YES;
				CLANG_WARN_RANGE_LOOP_ANALYSIS = YES;
				CLANG_WARN_STRICT_PROTOTYPES = YES;
				CLANG_WARN_SUSPICIOUS_MOVE = YES;
				CLANG_WARN_UNGUARDED_AVAILABILITY = YES_AGGRESSIVE;
				CLANG_WARN_UNREACHABLE_CODE = YES;
				CLANG_WARN__DUPLICATE_METHOD_MATCH = YES;
				COPY_PHASE_STRIP = NO;
				DEBUG_INFORMATION_FORMAT = "dwarf-with-dsym";
				ENABLE_NS_ASSERTIONS = NO;
				ENABLE_STRICT_OBJC_MSGSEND = YES;
				GCC_C_LANGUAGE_STANDARD = gnu11;
				GCC_NO_COMMON_BLOCKS = YES;
				GCC_WARN_64_TO_32_BIT_CONVERSION = YES;
				GCC_WARN_ABOUT_RETURN_TYPE = YES_ERROR;
				GCC_WARN_UNDECLARED_SELECTOR = YES;
				GCC_WARN_UNINITIALIZED_AUTOS = YES_AGGRESSIVE;
				GCC_WARN_UNUSED_FUNCTION = YES;
				GCC_WARN_UNUSED_VARIABLE = YES;
				IPHONEOS_DEPLOYMENT_TARGET = 9.0;
				MTL_ENABLE_DEBUG_INFO = NO;
				MTL_FAST_MATH = YES;
				SDKROOT = iphoneos;
				SWIFT_COMPILATION_MODE = wholemodule;
				SWIFT_OPTIMIZATION_LEVEL = "-O";
				VALIDATE_PRODUCT = YES;
			};
			name = Release;
		};
		03B4E6FB28A231BE00AF6C6F /* Debug */ = {
			isa = XCBuildConfiguration;
			baseConfigurationReference = 476C4A84BDD5D923D5BEF35C /* Pods-HCSecurityKeyboardDemo.debug.xcconfig */;
			buildSettings = {
				ASSETCATALOG_COMPILER_APPICON_NAME = AppIcon;
				ASSETCATALOG_COMPILER_GLOBAL_ACCENT_COLOR_NAME = AccentColor;
				CODE_SIGN_STYLE = Automatic;
				CURRENT_PROJECT_VERSION = 1;
				DEVELOPMENT_TEAM = HVL267SB24;
				GENERATE_INFOPLIST_FILE = YES;
				INFOPLIST_FILE = HCSecurityKeyboardDemo/Info.plist;
				INFOPLIST_KEY_UIApplicationSupportsIndirectInputEvents = YES;
				INFOPLIST_KEY_UILaunchStoryboardName = LaunchScreen;
				INFOPLIST_KEY_UIMainStoryboardFile = Main;
				INFOPLIST_KEY_UISupportedInterfaceOrientations_iPad = "UIInterfaceOrientationPortrait UIInterfaceOrientationPortraitUpsideDown UIInterfaceOrientationLandscapeLeft UIInterfaceOrientationLandscapeRight";
				INFOPLIST_KEY_UISupportedInterfaceOrientations_iPhone = "UIInterfaceOrientationPortrait UIInterfaceOrientationLandscapeLeft UIInterfaceOrientationLandscapeRight";
				IPHONEOS_DEPLOYMENT_TARGET = 9.0;
				LD_RUNPATH_SEARCH_PATHS = (
					"$(inherited)",
					"@executable_path/Frameworks",
				);
				MARKETING_VERSION = 1.0;
				PRODUCT_BUNDLE_IDENTIFIER = HC.HCSecurityKeyboardDemo;
				PRODUCT_NAME = "$(TARGET_NAME)";
				SWIFT_EMIT_LOC_STRINGS = YES;
				SWIFT_VERSION = 5.0;
				TARGETED_DEVICE_FAMILY = "1,2";
			};
			name = Debug;
		};
		03B4E6FC28A231BE00AF6C6F /* Release */ = {
			isa = XCBuildConfiguration;
			baseConfigurationReference = 63AAD65FBF1BBEFBB311E0AC /* Pods-HCSecurityKeyboardDemo.release.xcconfig */;
			buildSettings = {
				ASSETCATALOG_COMPILER_APPICON_NAME = AppIcon;
				ASSETCATALOG_COMPILER_GLOBAL_ACCENT_COLOR_NAME = AccentColor;
				CODE_SIGN_STYLE = Automatic;
				CURRENT_PROJECT_VERSION = 1;
				DEVELOPMENT_TEAM = HVL267SB24;
				GENERATE_INFOPLIST_FILE = YES;
				INFOPLIST_FILE = HCSecurityKeyboardDemo/Info.plist;
				INFOPLIST_KEY_UIApplicationSupportsIndirectInputEvents = YES;
				INFOPLIST_KEY_UILaunchStoryboardName = LaunchScreen;
				INFOPLIST_KEY_UIMainStoryboardFile = Main;
				INFOPLIST_KEY_UISupportedInterfaceOrientations_iPad = "UIInterfaceOrientationPortrait UIInterfaceOrientationPortraitUpsideDown UIInterfaceOrientationLandscapeLeft UIInterfaceOrientationLandscapeRight";
				INFOPLIST_KEY_UISupportedInterfaceOrientations_iPhone = "UIInterfaceOrientationPortrait UIInterfaceOrientationLandscapeLeft UIInterfaceOrientationLandscapeRight";
				IPHONEOS_DEPLOYMENT_TARGET = 9.0;
				LD_RUNPATH_SEARCH_PATHS = (
					"$(inherited)",
					"@executable_path/Frameworks",
				);
				MARKETING_VERSION = 1.0;
				PRODUCT_BUNDLE_IDENTIFIER = HC.HCSecurityKeyboardDemo;
				PRODUCT_NAME = "$(TARGET_NAME)";
				SWIFT_EMIT_LOC_STRINGS = YES;
				SWIFT_VERSION = 5.0;
				TARGETED_DEVICE_FAMILY = "1,2";
			};
			name = Release;
		};
/* End XCBuildConfiguration section */

/* Begin XCConfigurationList section */
		03B4E6E128A231BD00AF6C6F /* Build configuration list for PBXProject "HCSecurityKeyboardDemo" */ = {
			isa = XCConfigurationList;
			buildConfigurations = (
				03B4E6F828A231BE00AF6C6F /* Debug */,
				03B4E6F928A231BE00AF6C6F /* Release */,
			);
			defaultConfigurationIsVisible = 0;
			defaultConfigurationName = Release;
		};
		03B4E6FA28A231BE00AF6C6F /* Build configuration list for PBXNativeTarget "HCSecurityKeyboardDemo" */ = {
			isa = XCConfigurationList;
			buildConfigurations = (
				03B4E6FB28A231BE00AF6C6F /* Debug */,
				03B4E6FC28A231BE00AF6C6F /* Release */,
			);
			defaultConfigurationIsVisible = 0;
			defaultConfigurationName = Release;
		};
/* End XCConfigurationList section */
	};
	rootObject = 03B4E6DE28A231BD00AF6C6F /* Project object */;
}
